
Microsoft Visual Studio Solution File, Format Version 12.00
# Visual Studio Version 17
VisualStudioVersion = 17.11.35327.3
MinimumVisualStudioVersion = 10.0.40219.1
Project("{FAE04EC0-301F-11D3-BF4B-00C04F79EFBC}") = "DBACT#", "DBACT#\DBACT#.csproj", "{7C685135-A67E-4DBB-B2D9-208DF70C21C2}"
EndProject
Global
	GlobalSection(SolutionConfigurationPlatforms) = preSolution
		Debug|Any CPU = Debug|Any CPU
		Release|Any CPU = Release|Any CPU
	EndGlobalSection
	GlobalSection(ProjectConfigurationPlatforms) = postSolution
		{7C685135-A67E-4DBB-B2D9-208DF70C21C2}.Debug|Any CPU.ActiveCfg = Debug|Any CPU
		{7C685135-A67E-4DBB-B2D9-208DF70C21C2}.Debug|Any CPU.Build.0 = Debug|Any CPU
		{7C685135-A67E-4DBB-B2D9-208DF70C21C2}.Release|Any CPU.ActiveCfg = Release|Any CPU
		{7C685135-A67E-4DBB-B2D9-208DF70C21C2}.Release|Any CPU.Build.0 = Release|Any CPU
	EndGlobalSection
	GlobalSection(SolutionProperties) = preSolution
		HideSolutionNode = FALSE
	EndGlobalSection
	GlobalSection(ExtensibilityGlobals) = postSolution
		SolutionGuid = {35B9A6A8-5537-4E04-A38D-0DD1FDFB8A12}
	EndGlobalSection
EndGlobal
